<Solution>
  <Folder Name="/src/">
    <Project Path="src/Praxis.Api/Praxis.Api.csproj" />
    <Project Path="src/Praxis.Application/Praxis.Application.csproj" />
    <Project Path="src/Praxis.Domain/Praxis.Domain.csproj" />
    <Project Path="src/Praxis.Infrastructure/Praxis.Infrastructure.csproj" />
  </Folder>
  <Folder Name="/tests/">
    <Project Path="tests/Praxis.Billing.Tests/Praxis.Billing.Tests.csproj" />
  </Folder>
</Solution>
